PODS:
  - ReachabilitySwift (5.0.0)
  - RxCocoa (6.5.0):
    - RxRelay (= 6.5.0)
    - RxSwift (= 6.5.0)
  - RxReachability (1.2.1):
    - ReachabilitySwift (< 6.0, >= 5.0)
    - RxCocoa (~> 6)
    - RxSwift (~> 6)
  - RxRelay (6.5.0):
    - RxSwift (= 6.5.0)
  - RxSwift (6.5.0)
  - SwiftyJSON (5.0.1)

DEPENDENCIES:
  - RxCocoa
  - RxReachability
  - RxSwift
  - SwiftyJSON

SPEC REPOS:
  trunk:
    - ReachabilitySwift
    - RxCocoa
    - RxReachability
    - RxRelay
    - RxSwift
    - SwiftyJSON

SPEC CHECKSUMS:
  ReachabilitySwift: 985039c6f7b23a1da463388634119492ff86c825
  RxCocoa: 94f817b71c07517321eb4f9ad299112ca8af743b
  RxReachability: bfd13548bf1dac7a877082d13918a9f39bdb5c18
  RxRelay: 1de1523e604c72b6c68feadedd1af3b1b4d0ecbd
  RxSwift: 5710a9e6b17f3c3d6e40d6e559b9fa1e813b2ef8
  SwiftyJSON: 2f33a42c6fbc52764d96f13368585094bfd8aa5e

PODFILE CHECKSUM: 9c52e4e603c396d3de474a49d6371dab1db35bab

COCOAPODS: 1.12.0
